
Microsoft Visual Studio Solution File, Format Version 12.00
# Visual Studio Version 16
VisualStudioVersion = 16.0.29215.179
MinimumVisualStudioVersion = 10.0.40219.1
Project("{F184B08F-C81C-45F6-A57F-5ABD9991F28F}") = "Night-Scrapper", "Night-Scrapper\Night-Scrapper.vbproj", "{7061CD61-162F-409F-B22C-1B00FE7DFAA8}"
EndProject
Global
	GlobalSection(SolutionConfigurationPlatforms) = preSolution
		Debug|Any CPU = Debug|Any CPU
		Release|Any CPU = Release|Any CPU
	EndGlobalSection
	GlobalSection(ProjectConfigurationPlatforms) = postSolution
		{7061CD61-162F-409F-B22C-1B00FE7DFAA8}.Debug|Any CPU.ActiveCfg = Debug|Any CPU
		{7061CD61-162F-409F-B22C-1B00FE7DFAA8}.Debug|Any CPU.Build.0 = Debug|Any CPU
		{7061CD61-162F-409F-B22C-1B00FE7DFAA8}.Release|Any CPU.ActiveCfg = Release|Any CPU
		{7061CD61-162F-409F-B22C-1B00FE7DFAA8}.Release|Any CPU.Build.0 = Release|Any CPU
	EndGlobalSection
	GlobalSection(SolutionProperties) = preSolution
		HideSolutionNode = FALSE
	EndGlobalSection
	GlobalSection(ExtensibilityGlobals) = postSolution
		SolutionGuid = {1A6F7929-EF51-4487-8243-40E15FC82255}
	EndGlobalSection
EndGlobal
